
Microsoft Visual Studio Solution File, Format Version 12.00
# Visual Studio Version 16
VisualStudioVersion = 16.0.29709.97
MinimumVisualStudioVersion = 10.0.40219.1
Project("{FAE04EC0-301F-11D3-BF4B-00C04F79EFBC}") = "vidly01", "vidly01\vidly01.csproj", "{FF762850-B47C-4D6E-A2DA-6282835E2954}"
EndProject
Global
	GlobalSection(SolutionConfigurationPlatforms) = preSolution
		Debug|Any CPU = Debug|Any CPU
		Release|Any CPU = Release|Any CPU
	EndGlobalSection
	GlobalSection(ProjectConfigurationPlatforms) = postSolution
		{FF762850-B47C-4D6E-A2DA-6282835E2954}.Debug|Any CPU.ActiveCfg = Debug|Any CPU
		{FF762850-B47C-4D6E-A2DA-6282835E2954}.Debug|Any CPU.Build.0 = Debug|Any CPU
		{FF762850-B47C-4D6E-A2DA-6282835E2954}.Release|Any CPU.ActiveCfg = Release|Any CPU
		{FF762850-B47C-4D6E-A2DA-6282835E2954}.Release|Any CPU.Build.0 = Release|Any CPU
	EndGlobalSection
	GlobalSection(SolutionProperties) = preSolution
		HideSolutionNode = FALSE
	EndGlobalSection
	GlobalSection(ExtensibilityGlobals) = postSolution
		SolutionGuid = {336E1684-63DB-4A7D-9B8B-B852F66252CB}
	EndGlobalSection
EndGlobal
